// !$*UTF8*$!
{
	archiveVersion = 1;
	classes = {
	};
	objectVersion = 51;
	objects = {

/* Begin PBXBuildFile section */
		184C9138265E8F3100C53BBD /* AppDelegate.swift in Sources */ = {isa = PBXBuildFile; fileRef = 184C9137265E8F3100C53BBD /* AppDelegate.swift */; };
		184C9141265E8F3200C53BBD /* Assets.xcassets in Resources */ = {isa = PBXBuildFile; fileRef = 184C9140265E8F3200C53BBD /* Assets.xcassets */; };
		184C9144265E8F3200C53BBD /* LaunchScreen.storyboard in Resources */ = {isa = PBXBuildFile; fileRef = 184C9142265E8F3200C53BBD /* LaunchScreen.storyboard */; };
		184C914F265E8F3300C53BBD /* TADA_HomeWorkTests.swift in Sources */ = {isa = PBXBuildFile; fileRef = 184C914E265E8F3300C53BBD /* TADA_HomeWorkTests.swift */; };
		184C915A265E8F3300C53BBD /* TADA_HomeWorkUITests.swift in Sources */ = {isa = PBXBuildFile; fileRef = 184C9159265E8F3300C53BBD /* TADA_HomeWorkUITests.swift */; };
		184C916E265E955F00C53BBD /* ChooseOptionViewController.swift in Sources */ = {isa = PBXBuildFile; fileRef = 184C916D265E955F00C53BBD /* ChooseOptionViewController.swift */; };
		184C9172265E985500C53BBD /* Colors.swift in Sources */ = {isa = PBXBuildFile; fileRef = 184C9171265E985500C53BBD /* Colors.swift */; };
		184C917C265E999200C53BBD /* Network.h in Headers */ = {isa = PBXBuildFile; fileRef = 184C917A265E999200C53BBD /* Network.h */; settings = {ATTRIBUTES = (Public, ); }; };
		184C917F265E999200C53BBD /* Network.framework in Frameworks */ = {isa = PBXBuildFile; fileRef = 184C9178265E999200C53BBD /* Network.framework */; };
		184C9180265E999200C53BBD /* Network.framework in Embed Frameworks */ = {isa = PBXBuildFile; fileRef = 184C9178265E999200C53BBD /* Network.framework */; settings = {ATTRIBUTES = (CodeSignOnCopy, RemoveHeadersOnCopy, ); }; };
		186239D5266CAE0A0079A81E /* Notification.Name+.swift in Sources */ = {isa = PBXBuildFile; fileRef = 186239D4266CAE0A0079A81E /* Notification.Name+.swift */; };
		187B517426607D71008E25EB /* CarOptionView.swift in Sources */ = {isa = PBXBuildFile; fileRef = 187B517326607D71008E25EB /* CarOptionView.swift */; };
		187B517626607D85008E25EB /* CouponRegisterView.swift in Sources */ = {isa = PBXBuildFile; fileRef = 187B517526607D85008E25EB /* CouponRegisterView.swift */; };
		187B517926608781008E25EB /* RideEstimationsViewModel.swift in Sources */ = {isa = PBXBuildFile; fileRef = 187B517826608781008E25EB /* RideEstimationsViewModel.swift */; };
		187B517B2660A9C7008E25EB /* String+.swift in Sources */ = {isa = PBXBuildFile; fileRef = 187B517A2660A9C7008E25EB /* String+.swift */; };
		187B517D2660E37C008E25EB /* AlertCarAvailableView.swift in Sources */ = {isa = PBXBuildFile; fileRef = 187B517C2660E37C008E25EB /* AlertCarAvailableView.swift */; };
		188EC2D126637946008B4B38 /* ToastMessage.swift in Sources */ = {isa = PBXBuildFile; fileRef = 188EC2D026637946008B4B38 /* ToastMessage.swift */; };
		188EC2D32663975E008B4B38 /* RideStatusViewModel.swift in Sources */ = {isa = PBXBuildFile; fileRef = 188EC2D22663975E008B4B38 /* RideStatusViewModel.swift */; };
		18FB7A61265F925A0031BCD1 /* BaseURL.swift in Sources */ = {isa = PBXBuildFile; fileRef = 18FB7A60265F925A0031BCD1 /* BaseURL.swift */; };
		18FB7A63265F92950031BCD1 /* BaseManager.swift in Sources */ = {isa = PBXBuildFile; fileRef = 18FB7A62265F92950031BCD1 /* BaseManager.swift */; };
		18FB7A65265F92E40031BCD1 /* RideEstimations.swift in Sources */ = {isa = PBXBuildFile; fileRef = 18FB7A64265F92E40031BCD1 /* RideEstimations.swift */; };
		18FB7A67265F94090031BCD1 /* RideStatus.swift in Sources */ = {isa = PBXBuildFile; fileRef = 18FB7A66265F94090031BCD1 /* RideStatus.swift */; };
		18FB7A69265F94390031BCD1 /* RideStatusService.swift in Sources */ = {isa = PBXBuildFile; fileRef = 18FB7A68265F94390031BCD1 /* RideStatusService.swift */; };
		18FB7A6B265F94460031BCD1 /* RideEstimationsService.swift in Sources */ = {isa = PBXBuildFile; fileRef = 18FB7A6A265F94460031BCD1 /* RideEstimationsService.swift */; };
		18FB7A6D265F9DDE0031BCD1 /* RideStatusController.swift in Sources */ = {isa = PBXBuildFile; fileRef = 18FB7A6C265F9DDE0031BCD1 /* RideStatusController.swift */; };
		18FB7A6F265F9DEA0031BCD1 /* RideEstimationController.swift in Sources */ = {isa = PBXBuildFile; fileRef = 18FB7A6E265F9DEA0031BCD1 /* RideEstimationController.swift */; };
		18FB7A73265FA18B0031BCD1 /* RegisterCouponViewController.swift in Sources */ = {isa = PBXBuildFile; fileRef = 18FB7A72265FA18B0031BCD1 /* RegisterCouponViewController.swift */; };
		27D37C326F81CE8F84C016DE /* Pods_TADA_HomeWork.framework in Frameworks */ = {isa = PBXBuildFile; fileRef = 624E348E55BF40B5BEAF7A7D /* Pods_TADA_HomeWork.framework */; };
		3E20F3A21B3D3A5BF0E0ED15 /* Pods_Network.framework in Frameworks */ = {isa = PBXBuildFile; fileRef = F191BA246A24647F7CB95CDF /* Pods_Network.framework */; };
		6B599FB26CECD37866D5FC52 /* Pods_TADA_HomeWorkTests.framework in Frameworks */ = {isa = PBXBuildFile; fileRef = A15FF789CAB29D114B516A8D /* Pods_TADA_HomeWorkTests.framework */; };
		F2BCCDC03880C53E096EE3CC /* Pods_TADA_HomeWork_TADA_HomeWorkUITests.framework in Frameworks */ = {isa = PBXBuildFile; fileRef = 5D71F2FAD8F7CEB90830F925 /* Pods_TADA_HomeWork_TADA_HomeWorkUITests.framework */; };
/* End PBXBuildFile section */

/* Begin PBXContainerItemProxy section */
		184C914B265E8F3300C53BBD /* PBXContainerItemProxy */ = {
			isa = PBXContainerItemProxy;
			containerPortal = 184C912C265E8F3100C53BBD /* Project object */;
			proxyType = 1;
			remoteGlobalIDString = 184C9133265E8F3100C53BBD;
			remoteInfo = TADA_HomeWork;
		};
		184C9156265E8F3300C53BBD /* PBXContainerItemProxy */ = {
			isa = PBXContainerItemProxy;
			containerPortal = 184C912C265E8F3100C53BBD /* Project object */;
			proxyType = 1;
			remoteGlobalIDString = 184C9133265E8F3100C53BBD;
			remoteInfo = TADA_HomeWork;
		};
		184C917D265E999200C53BBD /* PBXContainerItemProxy */ = {
			isa = PBXContainerItemProxy;
			containerPortal = 184C912C265E8F3100C53BBD /* Project object */;
			proxyType = 1;
			remoteGlobalIDString = 184C9177265E999200C53BBD;
			remoteInfo = Network;
		};
/* End PBXContainerItemProxy section */

/* Begin PBXCopyFilesBuildPhase section */
		184C9184265E999200C53BBD /* Embed Frameworks */ = {
			isa = PBXCopyFilesBuildPhase;
			buildActionMask = 2147483647;
			dstPath = "";
			dstSubfolderSpec = 10;
			files = (
				184C9180265E999200C53BBD /* Network.framework in Embed Frameworks */,
			);
			name = "Embed Frameworks";
			runOnlyForDeploymentPostprocessing = 0;
		};
/* End PBXCopyFilesBuildPhase section */

/* Begin PBXFileReference section */
		021ECC69ACD5B3E5BB60CEB0 /* Pods-TADA_HomeWork-TADA_HomeWorkUITests.debug.xcconfig */ = {isa = PBXFileReference; includeInIndex = 1; lastKnownFileType = text.xcconfig; name = "Pods-TADA_HomeWork-TADA_HomeWorkUITests.debug.xcconfig"; path = "Target Support Files/Pods-TADA_HomeWork-TADA_HomeWorkUITests/Pods-TADA_HomeWork-TADA_HomeWorkUITests.debug.xcconfig"; sourceTree = "<group>"; };
		1173345929DC7A2C31436A09 /* Pods-TADA_HomeWork.release.xcconfig */ = {isa = PBXFileReference; includeInIndex = 1; lastKnownFileType = text.xcconfig; name = "Pods-TADA_HomeWork.release.xcconfig"; path = "Target Support Files/Pods-TADA_HomeWork/Pods-TADA_HomeWork.release.xcconfig"; sourceTree = "<group>"; };
		184C9134265E8F3100C53BBD /* TADA_HomeWork.app */ = {isa = PBXFileReference; explicitFileType = wrapper.application; includeInIndex = 0; path = TADA_HomeWork.app; sourceTree = BUILT_PRODUCTS_DIR; };
		184C9137265E8F3100C53BBD /* AppDelegate.swift */ = {isa = PBXFileReference; lastKnownFileType = sourcecode.swift; path = AppDelegate.swift; sourceTree = "<group>"; };
		184C9140265E8F3200C53BBD /* Assets.xcassets */ = {isa = PBXFileReference; lastKnownFileType = folder.assetcatalog; path = Assets.xcassets; sourceTree = "<group>"; };
		184C9143265E8F3200C53BBD /* Base */ = {isa = PBXFileReference; lastKnownFileType = file.storyboard; name = Base; path = Base.lproj/LaunchScreen.storyboard; sourceTree = "<group>"; };
		184C9145265E8F3200C53BBD /* Info.plist */ = {isa = PBXFileReference; lastKnownFileType = text.plist.xml; path = Info.plist; sourceTree = "<group>"; };
		184C914A265E8F3300C53BBD /* TADA_HomeWorkTests.xctest */ = {isa = PBXFileReference; explicitFileType = wrapper.cfbundle; includeInIndex = 0; path = TADA_HomeWorkTests.xctest; sourceTree = BUILT_PRODUCTS_DIR; };
		184C914E265E8F3300C53BBD /* TADA_HomeWorkTests.swift */ = {isa = PBXFileReference; lastKnownFileType = sourcecode.swift; path = TADA_HomeWorkTests.swift; sourceTree = "<group>"; };
		184C9150265E8F3300C53BBD /* Info.plist */ = {isa = PBXFileReference; lastKnownFileType = text.plist.xml; path = Info.plist; sourceTree = "<group>"; };
		184C9155265E8F3300C53BBD /* TADA_HomeWorkUITests.xctest */ = {isa = PBXFileReference; explicitFileType = wrapper.cfbundle; includeInIndex = 0; path = TADA_HomeWorkUITests.xctest; sourceTree = BUILT_PRODUCTS_DIR; };
		184C9159265E8F3300C53BBD /* TADA_HomeWorkUITests.swift */ = {isa = PBXFileReference; lastKnownFileType = sourcecode.swift; path = TADA_HomeWorkUITests.swift; sourceTree = "<group>"; };
		184C915B265E8F3300C53BBD /* Info.plist */ = {isa = PBXFileReference; lastKnownFileType = text.plist.xml; path = Info.plist; sourceTree = "<group>"; };
		184C916D265E955F00C53BBD /* ChooseOptionViewController.swift */ = {isa = PBXFileReference; lastKnownFileType = sourcecode.swift; path = ChooseOptionViewController.swift; sourceTree = "<group>"; };
		184C9171265E985500C53BBD /* Colors.swift */ = {isa = PBXFileReference; lastKnownFileType = sourcecode.swift; path = Colors.swift; sourceTree = "<group>"; };
		184C9178265E999200C53BBD /* Network.framework */ = {isa = PBXFileReference; explicitFileType = wrapper.framework; includeInIndex = 0; path = Network.framework; sourceTree = BUILT_PRODUCTS_DIR; };
		184C917A265E999200C53BBD /* Network.h */ = {isa = PBXFileReference; lastKnownFileType = sourcecode.c.h; path = Network.h; sourceTree = "<group>"; };
		184C917B265E999200C53BBD /* Info.plist */ = {isa = PBXFileReference; lastKnownFileType = text.plist.xml; path = Info.plist; sourceTree = "<group>"; };
		186239D4266CAE0A0079A81E /* Notification.Name+.swift */ = {isa = PBXFileReference; lastKnownFileType = sourcecode.swift; path = "Notification.Name+.swift"; sourceTree = "<group>"; };
		187B517326607D71008E25EB /* CarOptionView.swift */ = {isa = PBXFileReference; lastKnownFileType = sourcecode.swift; path = CarOptionView.swift; sourceTree = "<group>"; };
		187B517526607D85008E25EB /* CouponRegisterView.swift */ = {isa = PBXFileReference; lastKnownFileType = sourcecode.swift; path = CouponRegisterView.swift; sourceTree = "<group>"; };
		187B517826608781008E25EB /* RideEstimationsViewModel.swift */ = {isa = PBXFileReference; lastKnownFileType = sourcecode.swift; path = RideEstimationsViewModel.swift; sourceTree = "<group>"; };
		187B517A2660A9C7008E25EB /* String+.swift */ = {isa = PBXFileReference; lastKnownFileType = sourcecode.swift; path = "String+.swift"; sourceTree = "<group>"; };
		187B517C2660E37C008E25EB /* AlertCarAvailableView.swift */ = {isa = PBXFileReference; lastKnownFileType = sourcecode.swift; path = AlertCarAvailableView.swift; sourceTree = "<group>"; };
		188EC2D026637946008B4B38 /* ToastMessage.swift */ = {isa = PBXFileReference; lastKnownFileType = sourcecode.swift; path = ToastMessage.swift; sourceTree = "<group>"; };
		188EC2D22663975E008B4B38 /* RideStatusViewModel.swift */ = {isa = PBXFileReference; lastKnownFileType = sourcecode.swift; path = RideStatusViewModel.swift; sourceTree = "<group>"; };
		18FB7A60265F925A0031BCD1 /* BaseURL.swift */ = {isa = PBXFileReference; lastKnownFileType = sourcecode.swift; path = BaseURL.swift; sourceTree = "<group>"; };
		18FB7A62265F92950031BCD1 /* BaseManager.swift */ = {isa = PBXFileReference; lastKnownFileType = sourcecode.swift; path = BaseManager.swift; sourceTree = "<group>"; };
		18FB7A64265F92E40031BCD1 /* RideEstimations.swift */ = {isa = PBXFileReference; lastKnownFileType = sourcecode.swift; path = RideEstimations.swift; sourceTree = "<group>"; };
		18FB7A66265F94090031BCD1 /* RideStatus.swift */ = {isa = PBXFileReference; lastKnownFileType = sourcecode.swift; path = RideStatus.swift; sourceTree = "<group>"; };
		18FB7A68265F94390031BCD1 /* RideStatusService.swift */ = {isa = PBXFileReference; lastKnownFileType = sourcecode.swift; path = RideStatusService.swift; sourceTree = "<group>"; };
		18FB7A6A265F94460031BCD1 /* RideEstimationsService.swift */ = {isa = PBXFileReference; lastKnownFileType = sourcecode.swift; path = RideEstimationsService.swift; sourceTree = "<group>"; };
		18FB7A6C265F9DDE0031BCD1 /* RideStatusController.swift */ = {isa = PBXFileReference; lastKnownFileType = sourcecode.swift; path = RideStatusController.swift; sourceTree = "<group>"; };
		18FB7A6E265F9DEA0031BCD1 /* RideEstimationController.swift */ = {isa = PBXFileReference; lastKnownFileType = sourcecode.swift; path = RideEstimationController.swift; sourceTree = "<group>"; };
		18FB7A72265FA18B0031BCD1 /* RegisterCouponViewController.swift */ = {isa = PBXFileReference; lastKnownFileType = sourcecode.swift; path = RegisterCouponViewController.swift; sourceTree = "<group>"; };
		2E12DB1AD1CD14F8E1412C50 /* Pods-TADA_HomeWork.debug.xcconfig */ = {isa = PBXFileReference; includeInIndex = 1; lastKnownFileType = text.xcconfig; name = "Pods-TADA_HomeWork.debug.xcconfig"; path = "Target Support Files/Pods-TADA_HomeWork/Pods-TADA_HomeWork.debug.xcconfig"; sourceTree = "<group>"; };
		5D71F2FAD8F7CEB90830F925 /* Pods_TADA_HomeWork_TADA_HomeWorkUITests.framework */ = {isa = PBXFileReference; explicitFileType = wrapper.framework; includeInIndex = 0; path = Pods_TADA_HomeWork_TADA_HomeWorkUITests.framework; sourceTree = BUILT_PRODUCTS_DIR; };
		624E348E55BF40B5BEAF7A7D /* Pods_TADA_HomeWork.framework */ = {isa = PBXFileReference; explicitFileType = wrapper.framework; includeInIndex = 0; path = Pods_TADA_HomeWork.framework; sourceTree = BUILT_PRODUCTS_DIR; };
		7A06BA415812FAC17B99F269 /* Pods-Network.debug.xcconfig */ = {isa = PBXFileReference; includeInIndex = 1; lastKnownFileType = text.xcconfig; name = "Pods-Network.debug.xcconfig"; path = "Target Support Files/Pods-Network/Pods-Network.debug.xcconfig"; sourceTree = "<group>"; };
		A15FF789CAB29D114B516A8D /* Pods_TADA_HomeWorkTests.framework */ = {isa = PBXFileReference; explicitFileType = wrapper.framework; includeInIndex = 0; path = Pods_TADA_HomeWorkTests.framework; sourceTree = BUILT_PRODUCTS_DIR; };
		BFF5F83B1B16E66CCFF94DA0 /* Pods-TADA_HomeWork-TADA_HomeWorkUITests.release.xcconfig */ = {isa = PBXFileReference; includeInIndex = 1; lastKnownFileType = text.xcconfig; name = "Pods-TADA_HomeWork-TADA_HomeWorkUITests.release.xcconfig"; path = "Target Support Files/Pods-TADA_HomeWork-TADA_HomeWorkUITests/Pods-TADA_HomeWork-TADA_HomeWorkUITests.release.xcconfig"; sourceTree = "<group>"; };
		C29370B3492E9C550F944353 /* Pods-Network.release.xcconfig */ = {isa = PBXFileReference; includeInIndex = 1; lastKnownFileType = text.xcconfig; name = "Pods-Network.release.xcconfig"; path = "Target Support Files/Pods-Network/Pods-Network.release.xcconfig"; sourceTree = "<group>"; };
		F16FF3684B0DC24411B1A660 /* Pods-TADA_HomeWorkTests.release.xcconfig */ = {isa = PBXFileReference; includeInIndex = 1; lastKnownFileType = text.xcconfig; name = "Pods-TADA_HomeWorkTests.release.xcconfig"; path = "Target Support Files/Pods-TADA_HomeWorkTests/Pods-TADA_HomeWorkTests.release.xcconfig"; sourceTree = "<group>"; };
		F191BA246A24647F7CB95CDF /* Pods_Network.framework */ = {isa = PBXFileReference; explicitFileType = wrapper.framework; includeInIndex = 0; path = Pods_Network.framework; sourceTree = BUILT_PRODUCTS_DIR; };
		FAF7CE36879277B6892BFA7A /* Pods-TADA_HomeWorkTests.debug.xcconfig */ = {isa = PBXFileReference; includeInIndex = 1; lastKnownFileType = text.xcconfig; name = "Pods-TADA_HomeWorkTests.debug.xcconfig"; path = "Target Support Files/Pods-TADA_HomeWorkTests/Pods-TADA_HomeWorkTests.debug.xcconfig"; sourceTree = "<group>"; };
/* End PBXFileReference section */

/* Begin PBXFrameworksBuildPhase section */
		184C9131265E8F3100C53BBD /* Frameworks */ = {
			isa = PBXFrameworksBuildPhase;
			buildActionMask = 2147483647;
			files = (
				184C917F265E999200C53BBD /* Network.framework in Frameworks */,
				27D37C326F81CE8F84C016DE /* Pods_TADA_HomeWork.framework in Frameworks */,
			);
			runOnlyForDeploymentPostprocessing = 0;
		};
		184C9147265E8F3300C53BBD /* Frameworks */ = {
			isa = PBXFrameworksBuildPhase;
			buildActionMask = 2147483647;
			files = (
				6B599FB26CECD37866D5FC52 /* Pods_TADA_HomeWorkTests.framework in Frameworks */,
			);
			runOnlyForDeploymentPostprocessing = 0;
		};
		184C9152265E8F3300C53BBD /* Frameworks */ = {
			isa = PBXFrameworksBuildPhase;
			buildActionMask = 2147483647;
			files = (
				F2BCCDC03880C53E096EE3CC /* Pods_TADA_HomeWork_TADA_HomeWorkUITests.framework in Frameworks */,
			);
			runOnlyForDeploymentPostprocessing = 0;
		};
		184C9175265E999200C53BBD /* Frameworks */ = {
			isa = PBXFrameworksBuildPhase;
			buildActionMask = 2147483647;
			files = (
				3E20F3A21B3D3A5BF0E0ED15 /* Pods_Network.framework in Frameworks */,
			);
			runOnlyForDeploymentPostprocessing = 0;
		};
/* End PBXFrameworksBuildPhase section */

/* Begin PBXGroup section */
		184C912B265E8F3100C53BBD = {
			isa = PBXGroup;
			children = (
				184C9136265E8F3100C53BBD /* TADA_HomeWork */,
				184C914D265E8F3300C53BBD /* TADA_HomeWorkTests */,
				184C9158265E8F3300C53BBD /* TADA_HomeWorkUITests */,
				184C9179265E999200C53BBD /* Network */,
				184C9135265E8F3100C53BBD /* Products */,
				5109A1DF863AFA870E759A58 /* Pods */,
				2E82735E8FE446ECFFC5EDE9 /* Frameworks */,
			);
			sourceTree = "<group>";
		};
		184C9135265E8F3100C53BBD /* Products */ = {
			isa = PBXGroup;
			children = (
				184C9134265E8F3100C53BBD /* TADA_HomeWork.app */,
				184C914A265E8F3300C53BBD /* TADA_HomeWorkTests.xctest */,
				184C9155265E8F3300C53BBD /* TADA_HomeWorkUITests.xctest */,
				184C9178265E999200C53BBD /* Network.framework */,
			);
			name = Products;
			sourceTree = "<group>";
		};
		184C9136265E8F3100C53BBD /* TADA_HomeWork */ = {
			isa = PBXGroup;
			children = (
				187B517726608769008E25EB /* ViewModel */,
				184C9169265E931E00C53BBD /* ChooseOption */,
				184C9168265E92DC00C53BBD /* RegisterCoupon */,
				184C9167265E92D300C53BBD /* Utils */,
				184C9137265E8F3100C53BBD /* AppDelegate.swift */,
				184C9140265E8F3200C53BBD /* Assets.xcassets */,
				184C9142265E8F3200C53BBD /* LaunchScreen.storyboard */,
				184C9145265E8F3200C53BBD /* Info.plist */,
			);
			path = TADA_HomeWork;
			sourceTree = "<group>";
		};
		184C914D265E8F3300C53BBD /* TADA_HomeWorkTests */ = {
			isa = PBXGroup;
			children = (
				184C914E265E8F3300C53BBD /* TADA_HomeWorkTests.swift */,
				184C9150265E8F3300C53BBD /* Info.plist */,
			);
			path = TADA_HomeWorkTests;
			sourceTree = "<group>";
		};
		184C9158265E8F3300C53BBD /* TADA_HomeWorkUITests */ = {
			isa = PBXGroup;
			children = (
				184C9159265E8F3300C53BBD /* TADA_HomeWorkUITests.swift */,
				184C915B265E8F3300C53BBD /* Info.plist */,
			);
			path = TADA_HomeWorkUITests;
			sourceTree = "<group>";
		};
		184C9167265E92D300C53BBD /* Utils */ = {
			isa = PBXGroup;
			children = (
				184C9170265E984200C53BBD /* Styles */,
				184C916F265E983800C53BBD /* Extension */,
			);
			path = Utils;
			sourceTree = "<group>";
		};
		184C9168265E92DC00C53BBD /* RegisterCoupon */ = {
			isa = PBXGroup;
			children = (
				18FB7A72265FA18B0031BCD1 /* RegisterCouponViewController.swift */,
			);
			path = RegisterCoupon;
			sourceTree = "<group>";
		};
		184C9169265E931E00C53BBD /* ChooseOption */ = {
			isa = PBXGroup;
			children = (
				184C916D265E955F00C53BBD /* ChooseOptionViewController.swift */,
				188EC2D026637946008B4B38 /* ToastMessage.swift */,
				187B517326607D71008E25EB /* CarOptionView.swift */,
				187B517C2660E37C008E25EB /* AlertCarAvailableView.swift */,
				187B517526607D85008E25EB /* CouponRegisterView.swift */,
			);
			path = ChooseOption;
			sourceTree = "<group>";
		};
		184C916F265E983800C53BBD /* Extension */ = {
			isa = PBXGroup;
			children = (
				187B517A2660A9C7008E25EB /* String+.swift */,
				186239D4266CAE0A0079A81E /* Notification.Name+.swift */,
			);
			path = Extension;
			sourceTree = "<group>";
		};
		184C9170265E984200C53BBD /* Styles */ = {
			isa = PBXGroup;
			children = (
				184C9171265E985500C53BBD /* Colors.swift */,
			);
			path = Styles;
			sourceTree = "<group>";
		};
		184C9179265E999200C53BBD /* Network */ = {
			isa = PBXGroup;
			children = (
				184C9188265E99CC00C53BBD /* Controller */,
				184C9187265E99C700C53BBD /* Service */,
				184C9186265E99C000C53BBD /* Base */,
				184C9185265E99B400C53BBD /* Model */,
				184C917A265E999200C53BBD /* Network.h */,
				184C917B265E999200C53BBD /* Info.plist */,
			);
			path = Network;
			sourceTree = "<group>";
		};
		184C9185265E99B400C53BBD /* Model */ = {
			isa = PBXGroup;
			children = (
				18FB7A64265F92E40031BCD1 /* RideEstimations.swift */,
				18FB7A66265F94090031BCD1 /* RideStatus.swift */,
			);
			path = Model;
			sourceTree = "<group>";
		};
		184C9186265E99C000C53BBD /* Base */ = {
			isa = PBXGroup;
			children = (
				18FB7A60265F925A0031BCD1 /* BaseURL.swift */,
				18FB7A62265F92950031BCD1 /* BaseManager.swift */,
			);
			path = Base;
			sourceTree = "<group>";
		};
		184C9187265E99C700C53BBD /* Service */ = {
			isa = PBXGroup;
			children = (
				18FB7A68265F94390031BCD1 /* RideStatusService.swift */,
				18FB7A6A265F94460031BCD1 /* RideEstimationsService.swift */,
			);
			path = Service;
			sourceTree = "<group>";
		};
		184C9188265E99CC00C53BBD /* Controller */ = {
			isa = PBXGroup;
			children = (
				18FB7A6C265F9DDE0031BCD1 /* RideStatusController.swift */,
				18FB7A6E265F9DEA0031BCD1 /* RideEstimationController.swift */,
			);
			path = Controller;
			sourceTree = "<group>";
		};
		187B517726608769008E25EB /* ViewModel */ = {
			isa = PBXGroup;
			children = (
				187B517826608781008E25EB /* RideEstimationsViewModel.swift */,
				188EC2D22663975E008B4B38 /* RideStatusViewModel.swift */,
			);
			path = ViewModel;
			sourceTree = "<group>";
		};
		2E82735E8FE446ECFFC5EDE9 /* Frameworks */ = {
			isa = PBXGroup;
			children = (
				F191BA246A24647F7CB95CDF /* Pods_Network.framework */,
				624E348E55BF40B5BEAF7A7D /* Pods_TADA_HomeWork.framework */,
				5D71F2FAD8F7CEB90830F925 /* Pods_TADA_HomeWork_TADA_HomeWorkUITests.framework */,
				A15FF789CAB29D114B516A8D /* Pods_TADA_HomeWorkTests.framework */,
			);
			name = Frameworks;
			sourceTree = "<group>";
		};
		5109A1DF863AFA870E759A58 /* Pods */ = {
			isa = PBXGroup;
			children = (
				7A06BA415812FAC17B99F269 /* Pods-Network.debug.xcconfig */,
				C29370B3492E9C550F944353 /* Pods-Network.release.xcconfig */,
				2E12DB1AD1CD14F8E1412C50 /* Pods-TADA_HomeWork.debug.xcconfig */,
				1173345929DC7A2C31436A09 /* Pods-TADA_HomeWork.release.xcconfig */,
				021ECC69ACD5B3E5BB60CEB0 /* Pods-TADA_HomeWork-TADA_HomeWorkUITests.debug.xcconfig */,
				BFF5F83B1B16E66CCFF94DA0 /* Pods-TADA_HomeWork-TADA_HomeWorkUITests.release.xcconfig */,
				FAF7CE36879277B6892BFA7A /* Pods-TADA_HomeWorkTests.debug.xcconfig */,
				F16FF3684B0DC24411B1A660 /* Pods-TADA_HomeWorkTests.release.xcconfig */,
			);
			path = Pods;
			sourceTree = "<group>";
		};
/* End PBXGroup section */

/* Begin PBXHeadersBuildPhase section */
		184C9173265E999200C53BBD /* Headers */ = {
			isa = PBXHeadersBuildPhase;
			buildActionMask = 2147483647;
			files = (
				184C917C265E999200C53BBD /* Network.h in Headers */,
			);
			runOnlyForDeploymentPostprocessing = 0;
		};
/* End PBXHeadersBuildPhase section */

/* Begin PBXNativeTarget section */
		184C9133265E8F3100C53BBD /* TADA_HomeWork */ = {
			isa = PBXNativeTarget;
			buildConfigurationList = 184C915E265E8F3300C53BBD /* Build configuration list for PBXNativeTarget "TADA_HomeWork" */;
			buildPhases = (
				F1B5A1E7DF3FD2D7E3F71126 /* [CP] Check Pods Manifest.lock */,
				184C9130265E8F3100C53BBD /* Sources */,
				184C9131265E8F3100C53BBD /* Frameworks */,
				184C9132265E8F3100C53BBD /* Resources */,
				184C9184265E999200C53BBD /* Embed Frameworks */,
				35ED9A2189C57174E3D249B8 /* [CP] Embed Pods Frameworks */,
			);
			buildRules = (
			);
			dependencies = (
				184C917E265E999200C53BBD /* PBXTargetDependency */,
			);
			name = TADA_HomeWork;
			productName = TADA_HomeWork;
			productReference = 184C9134265E8F3100C53BBD /* TADA_HomeWork.app */;
			productType = "com.apple.product-type.application";
		};
		184C9149265E8F3300C53BBD /* TADA_HomeWorkTests */ = {
			isa = PBXNativeTarget;
			buildConfigurationList = 184C9161265E8F3300C53BBD /* Build configuration list for PBXNativeTarget "TADA_HomeWorkTests" */;
			buildPhases = (
				3893D6038256C5E79D50F424 /* [CP] Check Pods Manifest.lock */,
				184C9146265E8F3300C53BBD /* Sources */,
				184C9147265E8F3300C53BBD /* Frameworks */,
				184C9148265E8F3300C53BBD /* Resources */,
			);
			buildRules = (
			);
			dependencies = (
				184C914C265E8F3300C53BBD /* PBXTargetDependency */,
			);
			name = TADA_HomeWorkTests;
			productName = TADA_HomeWorkTests;
			productReference = 184C914A265E8F3300C53BBD /* TADA_HomeWorkTests.xctest */;
			productType = "com.apple.product-type.bundle.unit-test";
		};
		184C9154265E8F3300C53BBD /* TADA_HomeWorkUITests */ = {
			isa = PBXNativeTarget;
			buildConfigurationList = 184C9164265E8F3300C53BBD /* Build configuration list for PBXNativeTarget "TADA_HomeWorkUITests" */;
			buildPhases = (
				D753CB5BB487379A3385B575 /* [CP] Check Pods Manifest.lock */,
				184C9151265E8F3300C53BBD /* Sources */,
				184C9152265E8F3300C53BBD /* Frameworks */,
				184C9153265E8F3300C53BBD /* Resources */,
				4F2FA67D0DA008E0B81F16E1 /* [CP] Embed Pods Frameworks */,
			);
			buildRules = (
			);
			dependencies = (
				184C9157265E8F3300C53BBD /* PBXTargetDependency */,
			);
			name = TADA_HomeWorkUITests;
			productName = TADA_HomeWorkUITests;
			productReference = 184C9155265E8F3300C53BBD /* TADA_HomeWorkUITests.xctest */;
			productType = "com.apple.product-type.bundle.ui-testing";
		};
		184C9177265E999200C53BBD /* Network */ = {
			isa = PBXNativeTarget;
			buildConfigurationList = 184C9181265E999200C53BBD /* Build configuration list for PBXNativeTarget "Network" */;
			buildPhases = (
				A23A04FE82729531BAAE96C5 /* [CP] Check Pods Manifest.lock */,
				184C9173265E999200C53BBD /* Headers */,
				184C9174265E999200C53BBD /* Sources */,
				184C9175265E999200C53BBD /* Frameworks */,
				184C9176265E999200C53BBD /* Resources */,
			);
			buildRules = (
			);
			dependencies = (
			);
			name = Network;
			productName = Network;
			productReference = 184C9178265E999200C53BBD /* Network.framework */;
			productType = "com.apple.product-type.framework";
		};
/* End PBXNativeTarget section */

/* Begin PBXProject section */
		184C912C265E8F3100C53BBD /* Project object */ = {
			isa = PBXProject;
			attributes = {
				LastSwiftUpdateCheck = 1250;
				LastUpgradeCheck = 1250;
				TargetAttributes = {
					184C9133265E8F3100C53BBD = {
						CreatedOnToolsVersion = 12.5;
					};
					184C9149265E8F3300C53BBD = {
						CreatedOnToolsVersion = 12.5;
						TestTargetID = 184C9133265E8F3100C53BBD;
					};
					184C9154265E8F3300C53BBD = {
						CreatedOnToolsVersion = 12.5;
						TestTargetID = 184C9133265E8F3100C53BBD;
					};
					184C9177265E999200C53BBD = {
						CreatedOnToolsVersion = 12.5;
						LastSwiftMigration = 1250;
					};
				};
			};
			buildConfigurationList = 184C912F265E8F3100C53BBD /* Build configuration list for PBXProject "TADA_HomeWork" */;
			compatibilityVersion = "Xcode 9.3";
			developmentRegion = en;
			hasScannedForEncodings = 0;
			knownRegions = (
				en,
				Base,
			);
			mainGroup = 184C912B265E8F3100C53BBD;
			productRefGroup = 184C9135265E8F3100C53BBD /* Products */;
			projectDirPath = "";
			projectRoot = "";
			targets = (
				184C9133265E8F3100C53BBD /* TADA_HomeWork */,
				184C9149265E8F3300C53BBD /* TADA_HomeWorkTests */,
				184C9154265E8F3300C53BBD /* TADA_HomeWorkUITests */,
				184C9177265E999200C53BBD /* Network */,
			);
		};
/* End PBXProject section */

/* Begin PBXResourcesBuildPhase section */
		184C9132265E8F3100C53BBD /* Resources */ = {
			isa = PBXResourcesBuildPhase;
			buildActionMask = 2147483647;
			files = (
				184C9144265E8F3200C53BBD /* LaunchScreen.storyboard in Resources */,
				184C9141265E8F3200C53BBD /* Assets.xcassets in Resources */,
			);
			runOnlyForDeploymentPostprocessing = 0;
		};
		184C9148265E8F3300C53BBD /* Resources */ = {
			isa = PBXResourcesBuildPhase;
			buildActionMask = 2147483647;
			files = (
			);
			runOnlyForDeploymentPostprocessing = 0;
		};
		184C9153265E8F3300C53BBD /* Resources */ = {
			isa = PBXResourcesBuildPhase;
			buildActionMask = 2147483647;
			files = (
			);
			runOnlyForDeploymentPostprocessing = 0;
		};
		184C9176265E999200C53BBD /* Resources */ = {
			isa = PBXResourcesBuildPhase;
			buildActionMask = 2147483647;
			files = (
			);
			runOnlyForDeploymentPostprocessing = 0;
		};
/* End PBXResourcesBuildPhase section */

/* Begin PBXShellScriptBuildPhase section */
		35ED9A2189C57174E3D249B8 /* [CP] Embed Pods Frameworks */ = {
			isa = PBXShellScriptBuildPhase;
			buildActionMask = 2147483647;
			files = (
			);
			inputFileListPaths = (
				"${PODS_ROOT}/Target Support Files/Pods-TADA_HomeWork/Pods-TADA_HomeWork-frameworks-${CONFIGURATION}-input-files.xcfilelist",
			);
			name = "[CP] Embed Pods Frameworks";
			outputFileListPaths = (
				"${PODS_ROOT}/Target Support Files/Pods-TADA_HomeWork/Pods-TADA_HomeWork-frameworks-${CONFIGURATION}-output-files.xcfilelist",
			);
			runOnlyForDeploymentPostprocessing = 0;
			shellPath = /bin/sh;
			shellScript = "\"${PODS_ROOT}/Target Support Files/Pods-TADA_HomeWork/Pods-TADA_HomeWork-frameworks.sh\"\n";
			showEnvVarsInLog = 0;
		};
		3893D6038256C5E79D50F424 /* [CP] Check Pods Manifest.lock */ = {
			isa = PBXShellScriptBuildPhase;
			buildActionMask = 2147483647;
			files = (
			);
			inputFileListPaths = (
			);
			inputPaths = (
				"${PODS_PODFILE_DIR_PATH}/Podfile.lock",
				"${PODS_ROOT}/Manifest.lock",
			);
			name = "[CP] Check Pods Manifest.lock";
			outputFileListPaths = (
			);
			outputPaths = (
				"$(DERIVED_FILE_DIR)/Pods-TADA_HomeWorkTests-checkManifestLockResult.txt",
			);
			runOnlyForDeploymentPostprocessing = 0;
			shellPath = /bin/sh;
			shellScript = "diff \"${PODS_PODFILE_DIR_PATH}/Podfile.lock\" \"${PODS_ROOT}/Manifest.lock\" > /dev/null\nif [ $? != 0 ] ; then\n    # print error to STDERR\n    echo \"error: The sandbox is not in sync with the Podfile.lock. Run 'pod install' or update your CocoaPods installation.\" >&2\n    exit 1\nfi\n# This output is used by Xcode 'outputs' to avoid re-running this script phase.\necho \"SUCCESS\" > \"${SCRIPT_OUTPUT_FILE_0}\"\n";
			showEnvVarsInLog = 0;
		};
		4F2FA67D0DA008E0B81F16E1 /* [CP] Embed Pods Frameworks */ = {
			isa = PBXShellScriptBuildPhase;
			buildActionMask = 2147483647;
			files = (
			);
			inputFileListPaths = (
				"${PODS_ROOT}/Target Support Files/Pods-TADA_HomeWork-TADA_HomeWorkUITests/Pods-TADA_HomeWork-TADA_HomeWorkUITests-frameworks-${CONFIGURATION}-input-files.xcfilelist",
			);
			name = "[CP] Embed Pods Frameworks";
			outputFileListPaths = (
				"${PODS_ROOT}/Target Support Files/Pods-TADA_HomeWork-TADA_HomeWorkUITests/Pods-TADA_HomeWork-TADA_HomeWorkUITests-frameworks-${CONFIGURATION}-output-files.xcfilelist",
			);
			runOnlyForDeploymentPostprocessing = 0;
			shellPath = /bin/sh;
			shellScript = "\"${PODS_ROOT}/Target Support Files/Pods-TADA_HomeWork-TADA_HomeWorkUITests/Pods-TADA_HomeWork-TADA_HomeWorkUITests-frameworks.sh\"\n";
			showEnvVarsInLog = 0;
		};
		A23A04FE82729531BAAE96C5 /* [CP] Check Pods Manifest.lock */ = {
			isa = PBXShellScriptBuildPhase;
			buildActionMask = 2147483647;
			files = (
			);
			inputFileListPaths = (
			);
			inputPaths = (
				"${PODS_PODFILE_DIR_PATH}/Podfile.lock",
				"${PODS_ROOT}/Manifest.lock",
			);
			name = "[CP] Check Pods Manifest.lock";
			outputFileListPaths = (
			);
			outputPaths = (
				"$(DERIVED_FILE_DIR)/Pods-Network-checkManifestLockResult.txt",
			);
			runOnlyForDeploymentPostprocessing = 0;
			shellPath = /bin/sh;
			shellScript = "diff \"${PODS_PODFILE_DIR_PATH}/Podfile.lock\" \"${PODS_ROOT}/Manifest.lock\" > /dev/null\nif [ $? != 0 ] ; then\n    # print error to STDERR\n    echo \"error: The sandbox is not in sync with the Podfile.lock. Run 'pod install' or update your CocoaPods installation.\" >&2\n    exit 1\nfi\n# This output is used by Xcode 'outputs' to avoid re-running this script phase.\necho \"SUCCESS\" > \"${SCRIPT_OUTPUT_FILE_0}\"\n";
			showEnvVarsInLog = 0;
		};
		D753CB5BB487379A3385B575 /* [CP] Check Pods Manifest.lock */ = {
			isa = PBXShellScriptBuildPhase;
			buildActionMask = 2147483647;
			files = (
			);
			inputFileListPaths = (
			);
			inputPaths = (
				"${PODS_PODFILE_DIR_PATH}/Podfile.lock",
				"${PODS_ROOT}/Manifest.lock",
			);
			name = "[CP] Check Pods Manifest.lock";
			outputFileListPaths = (
			);
			outputPaths = (
				"$(DERIVED_FILE_DIR)/Pods-TADA_HomeWork-TADA_HomeWorkUITests-checkManifestLockResult.txt",
			);
			runOnlyForDeploymentPostprocessing = 0;
			shellPath = /bin/sh;
			shellScript = "diff \"${PODS_PODFILE_DIR_PATH}/Podfile.lock\" \"${PODS_ROOT}/Manifest.lock\" > /dev/null\nif [ $? != 0 ] ; then\n    # print error to STDERR\n    echo \"error: The sandbox is not in sync with the Podfile.lock. Run 'pod install' or update your CocoaPods installation.\" >&2\n    exit 1\nfi\n# This output is used by Xcode 'outputs' to avoid re-running this script phase.\necho \"SUCCESS\" > \"${SCRIPT_OUTPUT_FILE_0}\"\n";
			showEnvVarsInLog = 0;
		};
		F1B5A1E7DF3FD2D7E3F71126 /* [CP] Check Pods Manifest.lock */ = {
			isa = PBXShellScriptBuildPhase;
			buildActionMask = 2147483647;
			files = (
			);
			inputFileListPaths = (
			);
			inputPaths = (
				"${PODS_PODFILE_DIR_PATH}/Podfile.lock",
				"${PODS_ROOT}/Manifest.lock",
			);
			name = "[CP] Check Pods Manifest.lock";
			outputFileListPaths = (
			);
			outputPaths = (
				"$(DERIVED_FILE_DIR)/Pods-TADA_HomeWork-checkManifestLockResult.txt",
			);
			runOnlyForDeploymentPostprocessing = 0;
			shellPath = /bin/sh;
			shellScript = "diff \"${PODS_PODFILE_DIR_PATH}/Podfile.lock\" \"${PODS_ROOT}/Manifest.lock\" > /dev/null\nif [ $? != 0 ] ; then\n    # print error to STDERR\n    echo \"error: The sandbox is not in sync with the Podfile.lock. Run 'pod install' or update your CocoaPods installation.\" >&2\n    exit 1\nfi\n# This output is used by Xcode 'outputs' to avoid re-running this script phase.\necho \"SUCCESS\" > \"${SCRIPT_OUTPUT_FILE_0}\"\n";
			showEnvVarsInLog = 0;
		};
/* End PBXShellScriptBuildPhase section */

/* Begin PBXSourcesBuildPhase section */
		184C9130265E8F3100C53BBD /* Sources */ = {
			isa = PBXSourcesBuildPhase;
			buildActionMask = 2147483647;
			files = (
				184C916E265E955F00C53BBD /* ChooseOptionViewController.swift in Sources */,
				18FB7A73265FA18B0031BCD1 /* RegisterCouponViewController.swift in Sources */,
				187B517D2660E37C008E25EB /* AlertCarAvailableView.swift in Sources */,
				187B517B2660A9C7008E25EB /* String+.swift in Sources */,
				186239D5266CAE0A0079A81E /* Notification.Name+.swift in Sources */,
				187B517926608781008E25EB /* RideEstimationsViewModel.swift in Sources */,
				184C9172265E985500C53BBD /* Colors.swift in Sources */,
				187B517626607D85008E25EB /* CouponRegisterView.swift in Sources */,
				188EC2D32663975E008B4B38 /* RideStatusViewModel.swift in Sources */,
				187B517426607D71008E25EB /* CarOptionView.swift in Sources */,
				184C9138265E8F3100C53BBD /* AppDelegate.swift in Sources */,
				188EC2D126637946008B4B38 /* ToastMessage.swift in Sources */,
			);
			runOnlyForDeploymentPostprocessing = 0;
		};
		184C9146265E8F3300C53BBD /* Sources */ = {
			isa = PBXSourcesBuildPhase;
			buildActionMask = 2147483647;
			files = (
				184C914F265E8F3300C53BBD /* TADA_HomeWorkTests.swift in Sources */,
			);
			runOnlyForDeploymentPostprocessing = 0;
		};
		184C9151265E8F3300C53BBD /* Sources */ = {
			isa = PBXSourcesBuildPhase;
			buildActionMask = 2147483647;
			files = (
				184C915A265E8F3300C53BBD /* TADA_HomeWorkUITests.swift in Sources */,
			);
			runOnlyForDeploymentPostprocessing = 0;
		};
		184C9174265E999200C53BBD /* Sources */ = {
			isa = PBXSourcesBuildPhase;
			buildActionMask = 2147483647;
			files = (
				18FB7A63265F92950031BCD1 /* BaseManager.swift in Sources */,
				18FB7A61265F925A0031BCD1 /* BaseURL.swift in Sources */,
				18FB7A6D265F9DDE0031BCD1 /* RideStatusController.swift in Sources */,
				18FB7A69265F94390031BCD1 /* RideStatusService.swift in Sources */,
				18FB7A65265F92E40031BCD1 /* RideEstimations.swift in Sources */,
				18FB7A6B265F94460031BCD1 /* RideEstimationsService.swift in Sources */,
				18FB7A6F265F9DEA0031BCD1 /* RideEstimationController.swift in Sources */,
				18FB7A67265F94090031BCD1 /* RideStatus.swift in Sources */,
			);
			runOnlyForDeploymentPostprocessing = 0;
		};
/* End PBXSourcesBuildPhase section */

/* Begin PBXTargetDependency section */
		184C914C265E8F3300C53BBD /* PBXTargetDependency */ = {
			isa = PBXTargetDependency;
			target = 184C9133265E8F3100C53BBD /* TADA_HomeWork */;
			targetProxy = 184C914B265E8F3300C53BBD /* PBXContainerItemProxy */;
		};
		184C9157265E8F3300C53BBD /* PBXTargetDependency */ = {
			isa = PBXTargetDependency;
			target = 184C9133265E8F3100C53BBD /* TADA_HomeWork */;
			targetProxy = 184C9156265E8F3300C53BBD /* PBXContainerItemProxy */;
		};
		184C917E265E999200C53BBD /* PBXTargetDependency */ = {
			isa = PBXTargetDependency;
			target = 184C9177265E999200C53BBD /* Network */;
			targetProxy = 184C917D265E999200C53BBD /* PBXContainerItemProxy */;
		};
/* End PBXTargetDependency section */

/* Begin PBXVariantGroup section */
		184C9142265E8F3200C53BBD /* LaunchScreen.storyboard */ = {
			isa = PBXVariantGroup;
			children = (
				184C9143265E8F3200C53BBD /* Base */,
			);
			name = LaunchScreen.storyboard;
			sourceTree = "<group>";
		};
/* End PBXVariantGroup section */

/* Begin XCBuildConfiguration section */
		184C915C265E8F3300C53BBD /* Debug */ = {
			isa = XCBuildConfiguration;
			buildSettings = {
				ALWAYS_SEARCH_USER_PATHS = NO;
				CLANG_ANALYZER_NONNULL = YES;
				CLANG_ANALYZER_NUMBER_OBJECT_CONVERSION = YES_AGGRESSIVE;
				CLANG_CXX_LANGUAGE_STANDARD = "gnu++14";
				CLANG_CXX_LIBRARY = "libc++";
				CLANG_ENABLE_MODULES = YES;
				CLANG_ENABLE_OBJC_ARC = YES;
				CLANG_ENABLE_OBJC_WEAK = YES;
				CLANG_WARN_BLOCK_CAPTURE_AUTORELEASING = YES;
				CLANG_WARN_BOOL_CONVERSION = YES;
				CLANG_WARN_COMMA = YES;
				CLANG_WARN_CONSTANT_CONVERSION = YES;
				CLANG_WARN_DEPRECATED_OBJC_IMPLEMENTATIONS = YES;
				CLANG_WARN_DIRECT_OBJC_ISA_USAGE = YES_ERROR;
				CLANG_WARN_DOCUMENTATION_COMMENTS = YES;
				CLANG_WARN_EMPTY_BODY = YES;
				CLANG_WARN_ENUM_CONVERSION = YES;
				CLANG_WARN_INFINITE_RECURSION = YES;
				CLANG_WARN_INT_CONVERSION = YES;
				CLANG_WARN_NON_LITERAL_NULL_CONVERSION = YES;
				CLANG_WARN_OBJC_IMPLICIT_RETAIN_SELF = YES;
				CLANG_WARN_OBJC_LITERAL_CONVERSION = YES;
				CLANG_WARN_OBJC_ROOT_CLASS = YES_ERROR;
				CLANG_WARN_QUOTED_INCLUDE_IN_FRAMEWORK_HEADER = YES;
				CLANG_WARN_RANGE_LOOP_ANALYSIS = YES;
				CLANG_WARN_STRICT_PROTOTYPES = YES;
				CLANG_WARN_SUSPICIOUS_MOVE = YES;
				CLANG_WARN_UNGUARDED_AVAILABILITY = YES_AGGRESSIVE;
				CLANG_WARN_UNREACHABLE_CODE = YES;
				CLANG_WARN__DUPLICATE_METHOD_MATCH = YES;
				COPY_PHASE_STRIP = NO;
				DEBUG_INFORMATION_FORMAT = dwarf;
				ENABLE_STRICT_OBJC_MSGSEND = YES;
				ENABLE_TESTABILITY = YES;
				GCC_C_LANGUAGE_STANDARD = gnu11;
				GCC_DYNAMIC_NO_PIC = NO;
				GCC_NO_COMMON_BLOCKS = YES;
				GCC_OPTIMIZATION_LEVEL = 0;
				GCC_PREPROCESSOR_DEFINITIONS = (
					"DEBUG=1",
					"$(inherited)",
				);
				GCC_WARN_64_TO_32_BIT_CONVERSION = YES;
				GCC_WARN_ABOUT_RETURN_TYPE = YES_ERROR;
				GCC_WARN_UNDECLARED_SELECTOR = YES;
				GCC_WARN_UNINITIALIZED_AUTOS = YES_AGGRESSIVE;
				GCC_WARN_UNUSED_FUNCTION = YES;
				GCC_WARN_UNUSED_VARIABLE = YES;
				IPHONEOS_DEPLOYMENT_TARGET = 14.5;
				MTL_ENABLE_DEBUG_INFO = INCLUDE_SOURCE;
				MTL_FAST_MATH = YES;
				ONLY_ACTIVE_ARCH = YES;
				SDKROOT = iphoneos;
				SWIFT_ACTIVE_COMPILATION_CONDITIONS = DEBUG;
				SWIFT_OPTIMIZATION_LEVEL = "-Onone";
			};
			name = Debug;
		};
		184C915D265E8F3300C53BBD /* Release */ = {
			isa = XCBuildConfiguration;
			buildSettings = {
				ALWAYS_SEARCH_USER_PATHS = NO;
				CLANG_ANALYZER_NONNULL = YES;
				CLANG_ANALYZER_NUMBER_OBJECT_CONVERSION = YES_AGGRESSIVE;
				CLANG_CXX_LANGUAGE_STANDARD = "gnu++14";
				CLANG_CXX_LIBRARY = "libc++";
				CLANG_ENABLE_MODULES = YES;
				CLANG_ENABLE_OBJC_ARC = YES;
				CLANG_ENABLE_OBJC_WEAK = YES;
				CLANG_WARN_BLOCK_CAPTURE_AUTORELEASING = YES;
				CLANG_WARN_BOOL_CONVERSION = YES;
				CLANG_WARN_COMMA = YES;
				CLANG_WARN_CONSTANT_CONVERSION = YES;
				CLANG_WARN_DEPRECATED_OBJC_IMPLEMENTATIONS = YES;
				CLANG_WARN_DIRECT_OBJC_ISA_USAGE = YES_ERROR;
				CLANG_WARN_DOCUMENTATION_COMMENTS = YES;
				CLANG_WARN_EMPTY_BODY = YES;
				CLANG_WARN_ENUM_CONVERSION = YES;
				CLANG_WARN_INFINITE_RECURSION = YES;
				CLANG_WARN_INT_CONVERSION = YES;
				CLANG_WARN_NON_LITERAL_NULL_CONVERSION = YES;
				CLANG_WARN_OBJC_IMPLICIT_RETAIN_SELF = YES;
				CLANG_WARN_OBJC_LITERAL_CONVERSION = YES;
				CLANG_WARN_OBJC_ROOT_CLASS = YES_ERROR;
				CLANG_WARN_QUOTED_INCLUDE_IN_FRAMEWORK_HEADER = YES;
				CLANG_WARN_RANGE_LOOP_ANALYSIS = YES;
				CLANG_WARN_STRICT_PROTOTYPES = YES;
				CLANG_WARN_SUSPICIOUS_MOVE = YES;
				CLANG_WARN_UNGUARDED_AVAILABILITY = YES_AGGRESSIVE;
				CLANG_WARN_UNREACHABLE_CODE = YES;
				CLANG_WARN__DUPLICATE_METHOD_MATCH = YES;
				COPY_PHASE_STRIP = NO;
				DEBUG_INFORMATION_FORMAT = "dwarf-with-dsym";
				ENABLE_NS_ASSERTIONS = NO;
				ENABLE_STRICT_OBJC_MSGSEND = YES;
				GCC_C_LANGUAGE_STANDARD = gnu11;
				GCC_NO_COMMON_BLOCKS = YES;
				GCC_WARN_64_TO_32_BIT_CONVERSION = YES;
				GCC_WARN_ABOUT_RETURN_TYPE = YES_ERROR;
				GCC_WARN_UNDECLARED_SELECTOR = YES;
				GCC_WARN_UNINITIALIZED_AUTOS = YES_AGGRESSIVE;
				GCC_WARN_UNUSED_FUNCTION = YES;
				GCC_WARN_UNUSED_VARIABLE = YES;
				IPHONEOS_DEPLOYMENT_TARGET = 14.5;
				MTL_ENABLE_DEBUG_INFO = NO;
				MTL_FAST_MATH = YES;
				SDKROOT = iphoneos;
				SWIFT_COMPILATION_MODE = wholemodule;
				SWIFT_OPTIMIZATION_LEVEL = "-O";
				VALIDATE_PRODUCT = YES;
			};
			name = Release;
		};
		184C915F265E8F3300C53BBD /* Debug */ = {
			isa = XCBuildConfiguration;
			baseConfigurationReference = 2E12DB1AD1CD14F8E1412C50 /* Pods-TADA_HomeWork.debug.xcconfig */;
			buildSettings = {
				ALWAYS_EMBED_SWIFT_STANDARD_LIBRARIES = YES;
				ASSETCATALOG_COMPILER_APPICON_NAME = AppIcon;
				ASSETCATALOG_COMPILER_GLOBAL_ACCENT_COLOR_NAME = AccentColor;
				CODE_SIGN_STYLE = Automatic;
				DEVELOPMENT_TEAM = M96L4WMU9C;
				INFOPLIST_FILE = TADA_HomeWork/Info.plist;
				IPHONEOS_DEPLOYMENT_TARGET = 11.0;
				LD_RUNPATH_SEARCH_PATHS = (
					"$(inherited)",
					"@executable_path/Frameworks",
				);
				PRODUCT_BUNDLE_IDENTIFIER = "odyflame.TADA-HomeWork";
				PRODUCT_NAME = "$(TARGET_NAME)";
				SWIFT_VERSION = 5.0;
				TARGETED_DEVICE_FAMILY = "1,2";
			};
			name = Debug;
		};
		184C9160265E8F3300C53BBD /* Release */ = {
			isa = XCBuildConfiguration;
			baseConfigurationReference = 1173345929DC7A2C31436A09 /* Pods-TADA_HomeWork.release.xcconfig */;
			buildSettings = {
				ALWAYS_EMBED_SWIFT_STANDARD_LIBRARIES = YES;
				ASSETCATALOG_COMPILER_APPICON_NAME = AppIcon;
				ASSETCATALOG_COMPILER_GLOBAL_ACCENT_COLOR_NAME = AccentColor;
				CODE_SIGN_STYLE = Automatic;
				DEVELOPMENT_TEAM = M96L4WMU9C;
				INFOPLIST_FILE = TADA_HomeWork/Info.plist;
				IPHONEOS_DEPLOYMENT_TARGET = 11.0;
				LD_RUNPATH_SEARCH_PATHS = (
					"$(inherited)",
					"@executable_path/Frameworks",
				);
				PRODUCT_BUNDLE_IDENTIFIER = "odyflame.TADA-HomeWork";
				PRODUCT_NAME = "$(TARGET_NAME)";
				SWIFT_VERSION = 5.0;
				TARGETED_DEVICE_FAMILY = "1,2";
			};
			name = Release;
		};
		184C9162265E8F3300C53BBD /* Debug */ = {
			isa = XCBuildConfiguration;
			baseConfigurationReference = FAF7CE36879277B6892BFA7A /* Pods-TADA_HomeWorkTests.debug.xcconfig */;
			buildSettings = {
				ALWAYS_EMBED_SWIFT_STANDARD_LIBRARIES = YES;
				BUNDLE_LOADER = "$(TEST_HOST)";
				CODE_SIGN_STYLE = Automatic;
				DEVELOPMENT_TEAM = M96L4WMU9C;
				INFOPLIST_FILE = TADA_HomeWorkTests/Info.plist;
				IPHONEOS_DEPLOYMENT_TARGET = 14.5;
				LD_RUNPATH_SEARCH_PATHS = (
					"$(inherited)",
					"@executable_path/Frameworks",
					"@loader_path/Frameworks",
				);
				PRODUCT_BUNDLE_IDENTIFIER = "odyflame.TADA-HomeWorkTests";
				PRODUCT_NAME = "$(TARGET_NAME)";
				SWIFT_VERSION = 5.0;
				TARGETED_DEVICE_FAMILY = "1,2";
				TEST_HOST = "$(BUILT_PRODUCTS_DIR)/TADA_HomeWork.app/TADA_HomeWork";
			};
			name = Debug;
		};
		184C9163265E8F3300C53BBD /* Release */ = {
			isa = XCBuildConfiguration;
			baseConfigurationReference = F16FF3684B0DC24411B1A660 /* Pods-TADA_HomeWorkTests.release.xcconfig */;
			buildSettings = {
				ALWAYS_EMBED_SWIFT_STANDARD_LIBRARIES = YES;
				BUNDLE_LOADER = "$(TEST_HOST)";
				CODE_SIGN_STYLE = Automatic;
				DEVELOPMENT_TEAM = M96L4WMU9C;
				INFOPLIST_FILE = TADA_HomeWorkTests/Info.plist;
				IPHONEOS_DEPLOYMENT_TARGET = 14.5;
				LD_RUNPATH_SEARCH_PATHS = (
					"$(inherited)",
					"@executable_path/Frameworks",
					"@loader_path/Frameworks",
				);
				PRODUCT_BUNDLE_IDENTIFIER = "odyflame.TADA-HomeWorkTests";
				PRODUCT_NAME = "$(TARGET_NAME)";
				SWIFT_VERSION = 5.0;
				TARGETED_DEVICE_FAMILY = "1,2";
				TEST_HOST = "$(BUILT_PRODUCTS_DIR)/TADA_HomeWork.app/TADA_HomeWork";
			};
			name = Release;
		};
		184C9165265E8F3300C53BBD /* Debug */ = {
			isa = XCBuildConfiguration;
			baseConfigurationReference = 021ECC69ACD5B3E5BB60CEB0 /* Pods-TADA_HomeWork-TADA_HomeWorkUITests.debug.xcconfig */;
			buildSettings = {
				ALWAYS_EMBED_SWIFT_STANDARD_LIBRARIES = YES;
				CODE_SIGN_STYLE = Automatic;
				DEVELOPMENT_TEAM = M96L4WMU9C;
				INFOPLIST_FILE = TADA_HomeWorkUITests/Info.plist;
				LD_RUNPATH_SEARCH_PATHS = (
					"$(inherited)",
					"@executable_path/Frameworks",
					"@loader_path/Frameworks",
				);
				PRODUCT_BUNDLE_IDENTIFIER = "odyflame.TADA-HomeWorkUITests";
				PRODUCT_NAME = "$(TARGET_NAME)";
				SWIFT_VERSION = 5.0;
				TARGETED_DEVICE_FAMILY = "1,2";
				TEST_TARGET_NAME = TADA_HomeWork;
			};
			name = Debug;
		};
		184C9166265E8F3300C53BBD /* Release */ = {
			isa = XCBuildConfiguration;
			baseConfigurationReference = BFF5F83B1B16E66CCFF94DA0 /* Pods-TADA_HomeWork-TADA_HomeWorkUITests.release.xcconfig */;
			buildSettings = {
				ALWAYS_EMBED_SWIFT_STANDARD_LIBRARIES = YES;
				CODE_SIGN_STYLE = Automatic;
				DEVELOPMENT_TEAM = M96L4WMU9C;
				INFOPLIST_FILE = TADA_HomeWorkUITests/Info.plist;
				LD_RUNPATH_SEARCH_PATHS = (
					"$(inherited)",
					"@executable_path/Frameworks",
					"@loader_path/Frameworks",
				);
				PRODUCT_BUNDLE_IDENTIFIER = "odyflame.TADA-HomeWorkUITests";
				PRODUCT_NAME = "$(TARGET_NAME)";
				SWIFT_VERSION = 5.0;
				TARGETED_DEVICE_FAMILY = "1,2";
				TEST_TARGET_NAME = TADA_HomeWork;
			};
			name = Release;
		};
		184C9182265E999200C53BBD /* Debug */ = {
			isa = XCBuildConfiguration;
			baseConfigurationReference = 7A06BA415812FAC17B99F269 /* Pods-Network.debug.xcconfig */;
			buildSettings = {
				CLANG_ENABLE_MODULES = YES;
				CODE_SIGN_STYLE = Automatic;
				CURRENT_PROJECT_VERSION = 1;
				DEFINES_MODULE = YES;
				DEVELOPMENT_TEAM = M96L4WMU9C;
				DYLIB_COMPATIBILITY_VERSION = 1;
				DYLIB_CURRENT_VERSION = 1;
				DYLIB_INSTALL_NAME_BASE = "@rpath";
				INFOPLIST_FILE = Network/Info.plist;
				INSTALL_PATH = "$(LOCAL_LIBRARY_DIR)/Frameworks";
				IPHONEOS_DEPLOYMENT_TARGET = 11.0;
				LD_RUNPATH_SEARCH_PATHS = (
					"$(inherited)",
					"@executable_path/Frameworks",
					"@loader_path/Frameworks",
				);
				PRODUCT_BUNDLE_IDENTIFIER = odyflame.Network;
				PRODUCT_NAME = "$(TARGET_NAME:c99extidentifier)";
				SKIP_INSTALL = YES;
				SWIFT_OPTIMIZATION_LEVEL = "-Onone";
				SWIFT_VERSION = 5.0;
				TARGETED_DEVICE_FAMILY = "1,2";
				VERSIONING_SYSTEM = "apple-generic";
				VERSION_INFO_PREFIX = "";
			};
			name = Debug;
		};
		184C9183265E999200C53BBD /* Release */ = {
			isa = XCBuildConfiguration;
			baseConfigurationReference = C29370B3492E9C550F944353 /* Pods-Network.release.xcconfig */;
			buildSettings = {
				CLANG_ENABLE_MODULES = YES;
				CODE_SIGN_STYLE = Automatic;
				CURRENT_PROJECT_VERSION = 1;
				DEFINES_MODULE = YES;
				DEVELOPMENT_TEAM = M96L4WMU9C;
				DYLIB_COMPATIBILITY_VERSION = 1;
				DYLIB_CURRENT_VERSION = 1;
				DYLIB_INSTALL_NAME_BASE = "@rpath";
				INFOPLIST_FILE = Network/Info.plist;
				INSTALL_PATH = "$(LOCAL_LIBRARY_DIR)/Frameworks";
				IPHONEOS_DEPLOYMENT_TARGET = 11.0;
				LD_RUNPATH_SEARCH_PATHS = (
					"$(inherited)",
					"@executable_path/Frameworks",
					"@loader_path/Frameworks",
				);
				PRODUCT_BUNDLE_IDENTIFIER = odyflame.Network;
				PRODUCT_NAME = "$(TARGET_NAME:c99extidentifier)";
				SKIP_INSTALL = YES;
				SWIFT_VERSION = 5.0;
				TARGETED_DEVICE_FAMILY = "1,2";
				VERSIONING_SYSTEM = "apple-generic";
				VERSION_INFO_PREFIX = "";
			};
			name = Release;
		};
/* End XCBuildConfiguration section */

/* Begin XCConfigurationList section */
		184C912F265E8F3100C53BBD /* Build configuration list for PBXProject "TADA_HomeWork" */ = {
			isa = XCConfigurationList;
			buildConfigurations = (
				184C915C265E8F3300C53BBD /* Debug */,
				184C915D265E8F3300C53BBD /* Release */,
			);
			defaultConfigurationIsVisible = 0;
			defaultConfigurationName = Release;
		};
		184C915E265E8F3300C53BBD /* Build configuration list for PBXNativeTarget "TADA_HomeWork" */ = {
			isa = XCConfigurationList;
			buildConfigurations = (
				184C915F265E8F3300C53BBD /* Debug */,
				184C9160265E8F3300C53BBD /* Release */,
			);
			defaultConfigurationIsVisible = 0;
			defaultConfigurationName = Release;
		};
		184C9161265E8F3300C53BBD /* Build configuration list for PBXNativeTarget "TADA_HomeWorkTests" */ = {
			isa = XCConfigurationList;
			buildConfigurations = (
				184C9162265E8F3300C53BBD /* Debug */,
				184C9163265E8F3300C53BBD /* Release */,
			);
			defaultConfigurationIsVisible = 0;
			defaultConfigurationName = Release;
		};
		184C9164265E8F3300C53BBD /* Build configuration list for PBXNativeTarget "TADA_HomeWorkUITests" */ = {
			isa = XCConfigurationList;
			buildConfigurations = (
				184C9165265E8F3300C53BBD /* Debug */,
				184C9166265E8F3300C53BBD /* Release */,
			);
			defaultConfigurationIsVisible = 0;
			defaultConfigurationName = Release;
		};
		184C9181265E999200C53BBD /* Build configuration list for PBXNativeTarget "Network" */ = {
			isa = XCConfigurationList;
			buildConfigurations = (
				184C9182265E999200C53BBD /* Debug */,
				184C9183265E999200C53BBD /* Release */,
			);
			defaultConfigurationIsVisible = 0;
			defaultConfigurationName = Release;
		};
/* End XCConfigurationList section */
	};
	rootObject = 184C912C265E8F3100C53BBD /* Project object */;
}
